
Microsoft Visual Studio Solution File, Format Version 12.00
# Visual Studio Version 17
VisualStudioVersion = 17.11.35327.3
MinimumVisualStudioVersion = 10.0.40219.1
Project("{FAE04EC0-301F-11D3-BF4B-00C04F79EFBC}") = "DET.Inventory.Service", "DET.Inventory.Service\DET.Inventory.Service.csproj", "{40EBAC7C-66D3-44A1-AE64-9663C4BA849C}"
EndProject
Project("{FAE04EC0-301F-11D3-BF4B-00C04F79EFBC}") = "DET.Inventory.BusinessLogic", "DET.Inventory.BusinessLogic\DET.Inventory.BusinessLogic.csproj", "{C059F136-4AE3-48F1-8E09-766A6B3EFAF7}"
EndProject
Project("{FAE04EC0-301F-11D3-BF4B-00C04F79EFBC}") = "DET.Inventory.BusinessLogic.Interfaces", "DET.Inventory.BusinessLogic.Interfaces\DET.Inventory.BusinessLogic.Interfaces.csproj", "{DD09000E-8B42-4F91-8C65-59C33C13F79B}"
EndProject
Project("{FAE04EC0-301F-11D3-BF4B-00C04F79EFBC}") = "DET.Inventory.DataAccess", "DET.Inventory.DataAccess\DET.Inventory.DataAccess.csproj", "{2C3CB952-E4D1-4A0E-9048-08111C4841F7}"
EndProject
Project("{FAE04EC0-301F-11D3-BF4B-00C04F79EFBC}") = "DET.Inventory.DataAccess.Interfaces", "DET.Inventory.DataAccess.Interfaces\DET.Inventory.DataAccess.Interfaces.csproj", "{9227E4A1-1CCF-44DD-BA51-DFBB915438A0}"
EndProject
Project("{FAE04EC0-301F-11D3-BF4B-00C04F79EFBC}") = "DET.Inventory.Models", "DET.Inventory.Models\DET.Inventory.Models.csproj", "{A6466B06-FB8E-4F29-89A8-AE7EFD614F7D}"
EndProject
Global
	GlobalSection(SolutionConfigurationPlatforms) = preSolution
		Debug|Any CPU = Debug|Any CPU
		Release|Any CPU = Release|Any CPU
	EndGlobalSection
	GlobalSection(ProjectConfigurationPlatforms) = postSolution
		{40EBAC7C-66D3-44A1-AE64-9663C4BA849C}.Debug|Any CPU.ActiveCfg = Debug|Any CPU
		{40EBAC7C-66D3-44A1-AE64-9663C4BA849C}.Debug|Any CPU.Build.0 = Debug|Any CPU
		{40EBAC7C-66D3-44A1-AE64-9663C4BA849C}.Release|Any CPU.ActiveCfg = Release|Any CPU
		{40EBAC7C-66D3-44A1-AE64-9663C4BA849C}.Release|Any CPU.Build.0 = Release|Any CPU
		{C059F136-4AE3-48F1-8E09-766A6B3EFAF7}.Debug|Any CPU.ActiveCfg = Debug|Any CPU
		{C059F136-4AE3-48F1-8E09-766A6B3EFAF7}.Debug|Any CPU.Build.0 = Debug|Any CPU
		{C059F136-4AE3-48F1-8E09-766A6B3EFAF7}.Release|Any CPU.ActiveCfg = Release|Any CPU
		{C059F136-4AE3-48F1-8E09-766A6B3EFAF7}.Release|Any CPU.Build.0 = Release|Any CPU
		{DD09000E-8B42-4F91-8C65-59C33C13F79B}.Debug|Any CPU.ActiveCfg = Debug|Any CPU
		{DD09000E-8B42-4F91-8C65-59C33C13F79B}.Debug|Any CPU.Build.0 = Debug|Any CPU
		{DD09000E-8B42-4F91-8C65-59C33C13F79B}.Release|Any CPU.ActiveCfg = Release|Any CPU
		{DD09000E-8B42-4F91-8C65-59C33C13F79B}.Release|Any CPU.Build.0 = Release|Any CPU
		{2C3CB952-E4D1-4A0E-9048-08111C4841F7}.Debug|Any CPU.ActiveCfg = Debug|Any CPU
		{2C3CB952-E4D1-4A0E-9048-08111C4841F7}.Debug|Any CPU.Build.0 = Debug|Any CPU
		{2C3CB952-E4D1-4A0E-9048-08111C4841F7}.Release|Any CPU.ActiveCfg = Release|Any CPU
		{2C3CB952-E4D1-4A0E-9048-08111C4841F7}.Release|Any CPU.Build.0 = Release|Any CPU
		{9227E4A1-1CCF-44DD-BA51-DFBB915438A0}.Debug|Any CPU.ActiveCfg = Debug|Any CPU
		{9227E4A1-1CCF-44DD-BA51-DFBB915438A0}.Debug|Any CPU.Build.0 = Debug|Any CPU
		{9227E4A1-1CCF-44DD-BA51-DFBB915438A0}.Release|Any CPU.ActiveCfg = Release|Any CPU
		{9227E4A1-1CCF-44DD-BA51-DFBB915438A0}.Release|Any CPU.Build.0 = Release|Any CPU
		{A6466B06-FB8E-4F29-89A8-AE7EFD614F7D}.Debug|Any CPU.ActiveCfg = Debug|Any CPU
		{A6466B06-FB8E-4F29-89A8-AE7EFD614F7D}.Debug|Any CPU.Build.0 = Debug|Any CPU
		{A6466B06-FB8E-4F29-89A8-AE7EFD614F7D}.Release|Any CPU.ActiveCfg = Release|Any CPU
		{A6466B06-FB8E-4F29-89A8-AE7EFD614F7D}.Release|Any CPU.Build.0 = Release|Any CPU
	EndGlobalSection
	GlobalSection(SolutionProperties) = preSolution
		HideSolutionNode = FALSE
	EndGlobalSection
	GlobalSection(ExtensibilityGlobals) = postSolution
		SolutionGuid = {4748AE6F-0F24-4F11-82DC-7BAF3422802C}
	EndGlobalSection
EndGlobal
