
Microsoft Visual Studio Solution File, Format Version 12.00
# Visual Studio Version 17
VisualStudioVersion = 17.11.35327.3
MinimumVisualStudioVersion = 10.0.40219.1
Project("{FAE04EC0-301F-11D3-BF4B-00C04F79EFBC}") = "DET.Inventory.Service", "DET.Inventory.Service\DET.Inventory.Service.csproj", "{40EBAC7C-66D3-44A1-AE64-9663C4BA849C}"
EndProject
Global
	GlobalSection(SolutionConfigurationPlatforms) = preSolution
		Debug|Any CPU = Debug|Any CPU
		Release|Any CPU = Release|Any CPU
	EndGlobalSection
	GlobalSection(ProjectConfigurationPlatforms) = postSolution
		{40EBAC7C-66D3-44A1-AE64-9663C4BA849C}.Debug|Any CPU.ActiveCfg = Debug|Any CPU
		{40EBAC7C-66D3-44A1-AE64-9663C4BA849C}.Debug|Any CPU.Build.0 = Debug|Any CPU
		{40EBAC7C-66D3-44A1-AE64-9663C4BA849C}.Release|Any CPU.ActiveCfg = Release|Any CPU
		{40EBAC7C-66D3-44A1-AE64-9663C4BA849C}.Release|Any CPU.Build.0 = Release|Any CPU
	EndGlobalSection
	GlobalSection(SolutionProperties) = preSolution
		HideSolutionNode = FALSE
	EndGlobalSection
	GlobalSection(ExtensibilityGlobals) = postSolution
		SolutionGuid = {4748AE6F-0F24-4F11-82DC-7BAF3422802C}
	EndGlobalSection
EndGlobal
